
Microsoft Visual Studio Solution File, Format Version 12.00
# Visual Studio Version 16
VisualStudioVersion = 16.0.31624.102
MinimumVisualStudioVersion = 10.0.40219.1
Project("{8BC9CEB8-8B4A-11D0-8D11-00A0C91BC942}") = "Salaire des représentants", "ProjetLaboARemettre03\ProjetLaboARemettre03.vcxproj", "{8980B21F-094F-471F-B20A-6659EE90043B}"
EndProject
Project("{8BC9CEB8-8B4A-11D0-8D11-00A0C91BC942}") = "Devinette", "Devinette\Devinette.vcxproj", "{BA264278-B11A-4074-8E16-E268562C29C9}"
EndProject
Project("{8BC9CEB8-8B4A-11D0-8D11-00A0C91BC942}") = "Maximum", "Maximum\Maximum.vcxproj", "{49D3349D-C11C-490B-BBF2-5EEB719D2563}"
EndProject
Global
	GlobalSection(SolutionConfigurationPlatforms) = preSolution
		Debug|x64 = Debug|x64
		Debug|x86 = Debug|x86
		Release|x64 = Release|x64
		Release|x86 = Release|x86
	EndGlobalSection
	GlobalSection(ProjectConfigurationPlatforms) = postSolution
		{8980B21F-094F-471F-B20A-6659EE90043B}.Debug|x64.ActiveCfg = Debug|x64
		{8980B21F-094F-471F-B20A-6659EE90043B}.Debug|x64.Build.0 = Debug|x64
		{8980B21F-094F-471F-B20A-6659EE90043B}.Debug|x86.ActiveCfg = Debug|Win32
		{8980B21F-094F-471F-B20A-6659EE90043B}.Debug|x86.Build.0 = Debug|Win32
		{8980B21F-094F-471F-B20A-6659EE90043B}.Release|x64.ActiveCfg = Release|x64
		{8980B21F-094F-471F-B20A-6659EE90043B}.Release|x64.Build.0 = Release|x64
		{8980B21F-094F-471F-B20A-6659EE90043B}.Release|x86.ActiveCfg = Release|Win32
		{8980B21F-094F-471F-B20A-6659EE90043B}.Release|x86.Build.0 = Release|Win32
		{BA264278-B11A-4074-8E16-E268562C29C9}.Debug|x64.ActiveCfg = Debug|x64
		{BA264278-B11A-4074-8E16-E268562C29C9}.Debug|x64.Build.0 = Debug|x64
		{BA264278-B11A-4074-8E16-E268562C29C9}.Debug|x86.ActiveCfg = Debug|Win32
		{BA264278-B11A-4074-8E16-E268562C29C9}.Debug|x86.Build.0 = Debug|Win32
		{BA264278-B11A-4074-8E16-E268562C29C9}.Release|x64.ActiveCfg = Release|x64
		{BA264278-B11A-4074-8E16-E268562C29C9}.Release|x64.Build.0 = Release|x64
		{BA264278-B11A-4074-8E16-E268562C29C9}.Release|x86.ActiveCfg = Release|Win32
		{BA264278-B11A-4074-8E16-E268562C29C9}.Release|x86.Build.0 = Release|Win32
		{49D3349D-C11C-490B-BBF2-5EEB719D2563}.Debug|x64.ActiveCfg = Debug|x64
		{49D3349D-C11C-490B-BBF2-5EEB719D2563}.Debug|x64.Build.0 = Debug|x64
		{49D3349D-C11C-490B-BBF2-5EEB719D2563}.Debug|x86.ActiveCfg = Debug|Win32
		{49D3349D-C11C-490B-BBF2-5EEB719D2563}.Debug|x86.Build.0 = Debug|Win32
		{49D3349D-C11C-490B-BBF2-5EEB719D2563}.Release|x64.ActiveCfg = Release|x64
		{49D3349D-C11C-490B-BBF2-5EEB719D2563}.Release|x64.Build.0 = Release|x64
		{49D3349D-C11C-490B-BBF2-5EEB719D2563}.Release|x86.ActiveCfg = Release|Win32
		{49D3349D-C11C-490B-BBF2-5EEB719D2563}.Release|x86.Build.0 = Release|Win32
	EndGlobalSection
	GlobalSection(SolutionProperties) = preSolution
		HideSolutionNode = FALSE
	EndGlobalSection
	GlobalSection(ExtensibilityGlobals) = postSolution
		SolutionGuid = {69A39DBB-E819-42C4-B6A6-10585AE9752A}
	EndGlobalSection
EndGlobal
